
Microsoft Visual Studio Solution File, Format Version 12.00
# Visual Studio Version 16
VisualStudioVersion = 16.0.29709.97
MinimumVisualStudioVersion = 10.0.40219.1
Project("{FAE04EC0-301F-11D3-BF4B-00C04F79EFBC}") = "CommandSample.App", "src\CommandSample.App\CommandSample.App.csproj", "{9EF82603-3152-4FA1-B9B5-BA661B3806FD}"
EndProject
Project("{FAE04EC0-301F-11D3-BF4B-00C04F79EFBC}") = "CommandSample.Server", "src\CommandSample.Server\CommandSample.Server.csproj", "{01DBB852-BFBC-42BF-B255-7BBDDA0A8954}"
EndProject
Project("{FAE04EC0-301F-11D3-BF4B-00C04F79EFBC}") = "CommandSample.Domain", "src\CommandSample.Domain\CommandSample.Domain.csproj", "{B62E3254-A49E-458A-BAB2-A0F02B6BF896}"
EndProject
Global
	GlobalSection(SolutionConfigurationPlatforms) = preSolution
		Debug|Any CPU = Debug|Any CPU
		Release|Any CPU = Release|Any CPU
	EndGlobalSection
	GlobalSection(ProjectConfigurationPlatforms) = postSolution
		{9EF82603-3152-4FA1-B9B5-BA661B3806FD}.Debug|Any CPU.ActiveCfg = Debug|Any CPU
		{9EF82603-3152-4FA1-B9B5-BA661B3806FD}.Debug|Any CPU.Build.0 = Debug|Any CPU
		{9EF82603-3152-4FA1-B9B5-BA661B3806FD}.Release|Any CPU.ActiveCfg = Release|Any CPU
		{9EF82603-3152-4FA1-B9B5-BA661B3806FD}.Release|Any CPU.Build.0 = Release|Any CPU
		{01DBB852-BFBC-42BF-B255-7BBDDA0A8954}.Debug|Any CPU.ActiveCfg = Debug|Any CPU
		{01DBB852-BFBC-42BF-B255-7BBDDA0A8954}.Debug|Any CPU.Build.0 = Debug|Any CPU
		{01DBB852-BFBC-42BF-B255-7BBDDA0A8954}.Release|Any CPU.ActiveCfg = Release|Any CPU
		{01DBB852-BFBC-42BF-B255-7BBDDA0A8954}.Release|Any CPU.Build.0 = Release|Any CPU
		{B62E3254-A49E-458A-BAB2-A0F02B6BF896}.Debug|Any CPU.ActiveCfg = Debug|Any CPU
		{B62E3254-A49E-458A-BAB2-A0F02B6BF896}.Debug|Any CPU.Build.0 = Debug|Any CPU
		{B62E3254-A49E-458A-BAB2-A0F02B6BF896}.Release|Any CPU.ActiveCfg = Release|Any CPU
		{B62E3254-A49E-458A-BAB2-A0F02B6BF896}.Release|Any CPU.Build.0 = Release|Any CPU
	EndGlobalSection
	GlobalSection(SolutionProperties) = preSolution
		HideSolutionNode = FALSE
	EndGlobalSection
	GlobalSection(ExtensibilityGlobals) = postSolution
		SolutionGuid = {8AB9EB25-491C-49E8-B77C-EFCAB4E58CDD}
	EndGlobalSection
EndGlobal
